<?xml version="1.0" encoding="utf-8"?>
<Project ToolsVersion="4.0" xmlns="http://schemas.microsoft.com/developer/msbuild/2003">
  <ItemGroup>
    <Filter Include="Source Files">
      <UniqueIdentifier>{4FC737F1-C7A5-4376-A066-2A32D752A2FF}</UniqueIdentifier>
      <Extensions>cpp;c;cc;cxx;def;odl;idl;hpj;bat;asm;asmx</Extensions>
    </Filter>
    <Filter Include="Header Files">
      <UniqueIdentifier>{93995380-89BD-4b04-88EB-625FBE52EBFB}</UniqueIdentifier>
      <Extensions>h;hh;hpp;hxx;hm;inl;inc;ipp;xsd</Extensions>
    </Filter>
    <Filter Include="Resource Files">
      <UniqueIdentifier>{67DA6AB6-F800-4c08-8B7A-83BB121AAD01}</UniqueIdentifier>
      <Extensions>rc;ico;cur;bmp;dlg;rc2;rct;bin;rgs;gif;jpg;jpeg;jpe;resx;tiff;tif;png;wav;mfcribbon-ms</Extensions>
    </Filter>
  </ItemGroup>
  <ItemGroup>
    <ClCompile Include="Core\Utils\Fileutils.cpp">
      <Filter>Source Files</Filter>
    </ClCompile>
    <ClCompile Include="Core\Utils\Timer.cpp">
      <Filter>Source Files</Filter>
    </ClCompile>
    <ClCompile Include="Core\Utils\Maths\mat4.cpp">
      <Filter>Source Files</Filter>
    </ClCompile>
    <ClCompile Include="Core\Utils\Maths\vec2.cpp">
      <Filter>Source Files</Filter>
    </ClCompile>
    <ClCompile Include="Core\Utils\Maths\vec3.cpp">
      <Filter>Source Files</Filter>
    </ClCompile>
    <ClCompile Include="Core\Utils\Maths\vec4.cpp">
      <Filter>Source Files</Filter>
    </ClCompile>
    <ClCompile Include="Core\Rendering\Renderer\Batch2DRenderer.cpp">
      <Filter>Source Files</Filter>
    </ClCompile>
    <ClCompile Include="Core\Rendering\Renderer\Shader\Shader.cpp">
      <Filter>Source Files</Filter>
    </ClCompile>
    <ClCompile Include="Core\Rendering\Renderer\Models\Sprite.cpp">
      <Filter>Source Files</Filter>
    </ClCompile>
    <ClCompile Include="Core\Rendering\Renderer\Buffers\Buffer.cpp">
      <Filter>Source Files</Filter>
    </ClCompile>
    <ClCompile Include="Core\Rendering\Renderer\Buffers\IndexBuffer.cpp">
      <Filter>Source Files</Filter>
    </ClCompile>
    <ClCompile Include="Core\Rendering\Renderer\Buffers\VertexArray.cpp">
      <Filter>Source Files</Filter>
    </ClCompile>
    <ClCompile Include="Core\Managers\Control_Manager.cpp">
      <Filter>Source Files</Filter>
    </ClCompile>
    <ClCompile Include="Core\Managers\Layer_Manager.cpp">
      <Filter>Source Files</Filter>
    </ClCompile>
    <ClCompile Include="Core\Managers\Scene_Manager.cpp">
      <Filter>Source Files</Filter>
    </ClCompile>
    <ClCompile Include="Core\Init\Window.cpp">
      <Filter>Source Files</Filter>
    </ClCompile>
    <ClCompile Include="Core\Managers\Shader_Manager.cpp">
      <Filter>Source Files</Filter>
    </ClCompile>
    <ClCompile Include="Core\Managers\Texture_Manager.cpp">
      <Filter>Source Files</Filter>
    </ClCompile>
    <ClCompile Include="Core\Rendering\Renderer\Groups\Group.cpp">
      <Filter>Source Files</Filter>
    </ClCompile>
    <ClCompile Include="Core\Rendering\Renderer\Texture\Texture.cpp">
      <Filter>Source Files</Filter>
    </ClCompile>
    <ClCompile Include="Ext\Freetype-GL\src\platform.c">
      <Filter>Source Files</Filter>
    </ClCompile>
    <ClCompile Include="Ext\Freetype-GL\src\texture-atlas.c">
      <Filter>Source Files</Filter>
    </ClCompile>
    <ClCompile Include="Ext\Freetype-GL\src\vector.c">
      <Filter>Source Files</Filter>
    </ClCompile>
    <ClCompile Include="Ext\Freetype-GL\src\texture-font.c">
      <Filter>Source Files</Filter>
    </ClCompile>
    <ClCompile Include="Core\Rendering\Renderer\Models\Label.cpp">
      <Filter>Source Files</Filter>
    </ClCompile>
    <ClCompile Include="Core\Managers\Font_Manager.cpp">
      <Filter>Source Files</Filter>
    </ClCompile>
    <ClCompile Include="Core\Rendering\Renderer\Font\Font.cpp">
      <Filter>Source Files</Filter>
    </ClCompile>
    <ClCompile Include="Core\Managers\AI_Manager.cpp">
      <Filter>Source Files</Filter>
    </ClCompile>
    <ClCompile Include="Core\Managers\AI\AI_Director.cpp">
      <Filter>Source Files</Filter>
    </ClCompile>
    <ClCompile Include="Core\Managers\AI\Behaviour_Manager.cpp">
      <Filter>Source Files</Filter>
    </ClCompile>
    <ClCompile Include="Core\Managers\AI\Strategy_Manager.cpp">
      <Filter>Source Files</Filter>
    </ClCompile>
    <ClCompile Include="Core\Managers\AI\Wave_Manager.cpp">
      <Filter>Source Files</Filter>
    </ClCompile>
    <ClCompile Include="Ext\gorilla-audio\common\gc_common.c">
      <Filter>Source Files</Filter>
    </ClCompile>
    <ClCompile Include="Ext\gorilla-audio\common\gc_thread.c">
      <Filter>Source Files</Filter>
    </ClCompile>
    <ClCompile Include="Ext\gorilla-audio\devices\ga_openal.c">
      <Filter>Source Files</Filter>
    </ClCompile>
    <ClCompile Include="Ext\gorilla-audio\ga.c">
      <Filter>Source Files</Filter>
    </ClCompile>
    <ClCompile Include="Ext\gorilla-audio\ga_stream.c">
      <Filter>Source Files</Filter>
    </ClCompile>
    <ClCompile Include="Ext\gorilla-audio\gau.c">
      <Filter>Source Files</Filter>
    </ClCompile>
    <ClCompile Include="Core\Audio\Sound.cpp">
      <Filter>Source Files</Filter>
    </ClCompile>
    <ClCompile Include="Core\Managers\Sound_Manager.cpp">
      <Filter>Source Files</Filter>
    </ClCompile>
    <ClCompile Include="Core\Utils\Maths\AABB.cpp">
      <Filter>Source Files</Filter>
    </ClCompile>
    <ClCompile Include="Core\Managers\embed\Embedded.cpp">
      <Filter>Source Files</Filter>
    </ClCompile>
    <ClCompile Include="Core\Rendering\Renderer\Buffers\FrameBuffer.cpp">
      <Filter>Source Files</Filter>
    </ClCompile>
    <ClCompile Include="Core\Managers\Mesh_Manager.cpp">
      <Filter>Source Files</Filter>
    </ClCompile>
    <ClCompile Include="App\Win\Win64Application.cpp">
      <Filter>Source Files</Filter>
    </ClCompile>
    <ClCompile Include="Core\Rendering\Renderer\PostFX\PostFXPass.cpp">
      <Filter>Source Files</Filter>
    </ClCompile>
    <ClCompile Include="Core\Rendering\Renderer\PostFX\PostFX.cpp">
      <Filter>Source Files</Filter>
    </ClCompile>
    <ClCompile Include="Core\Rendering\Renderer\Layers\Layer2D.cpp">
      <Filter>Source Files</Filter>
    </ClCompile>
    <ClCompile Include="Core\Rendering\Renderer\Layers\Layer.cpp">
      <Filter>Source Files</Filter>
    </ClCompile>
    <ClCompile Include="App\Application.cpp">
      <Filter>Source Files</Filter>
    </ClCompile>
    <ClCompile Include="Core\Rendering\Material\Material.cpp">
      <Filter>Source Files</Filter>
    </ClCompile>
    <ClCompile Include="Core\Rendering\Renderer\Shader\ShaderUniform.cpp">
      <Filter>Source Files</Filter>
    </ClCompile>
    <ClCompile Include="Core\Rendering\Platform\OpenGL\CoreOpenGLBuffer.cpp">
      <Filter>Source Files</Filter>
    </ClCompile>
    <ClCompile Include="Core\Rendering\Renderer\Buffers\BufferLayout.cpp">
      <Filter>Source Files</Filter>
    </ClCompile>
    <ClCompile Include="Core\Rendering\Platform\CoreRenderAPI.h">
      <Filter>Source Files</Filter>
    </ClCompile>
    <ClCompile Include="Core\Rendering\Renderer\Models\Mesh.cpp">
      <Filter>Source Files</Filter>
    </ClCompile>
    <ClCompile Include="Core\Rendering\Scene\Scene.cpp">
      <Filter>Source Files</Filter>
    </ClCompile>
    <ClCompile Include="Core\Rendering\Renderer\ForwardRenderer.cpp">
      <Filter>Source Files</Filter>
    </ClCompile>
    <ClCompile Include="Core\Utils\String.cpp">
      <Filter>Source Files</Filter>
    </ClCompile>
    <ClCompile Include="Core\Rendering\Renderer\Layers\Layer3D.cpp">
      <Filter>Source Files</Filter>
    </ClCompile>
    <ClCompile Include="Core\Utils\Maths\Quaternion.cpp">
      <Filter>Source Files</Filter>
    </ClCompile>
    <ClCompile Include="Core\Utils\Maths\Rectangle.cpp">
      <Filter>Source Files</Filter>
    </ClCompile>
    <ClCompile Include="Core\Rendering\Renderer\Models\Model.cpp">
      <Filter>Source Files</Filter>
    </ClCompile>
  </ItemGroup>
  <ItemGroup>
    <ClInclude Include="Core\Utils\Fileutils.h">
      <Filter>Header Files</Filter>
    </ClInclude>
    <ClInclude Include="Core\Utils\Timer.h">
      <Filter>Header Files</Filter>
    </ClInclude>
    <ClInclude Include="Core\Utils\Maths\vec4.h">
      <Filter>Header Files</Filter>
    </ClInclude>
    <ClInclude Include="Core\Utils\Maths\mat4.h">
      <Filter>Header Files</Filter>
    </ClInclude>
    <ClInclude Include="Core\Utils\Maths\maths.h">
      <Filter>Header Files</Filter>
    </ClInclude>
    <ClInclude Include="Core\Utils\Maths\maths_func.h">
      <Filter>Header Files</Filter>
    </ClInclude>
    <ClInclude Include="Core\Utils\Maths\vec2.h">
      <Filter>Header Files</Filter>
    </ClInclude>
    <ClInclude Include="Core\Utils\Maths\vec3.h">
      <Filter>Header Files</Filter>
    </ClInclude>
    <ClInclude Include="Core\Rendering\Renderer\Batch2DRenderer.h">
      <Filter>Header Files</Filter>
    </ClInclude>
    <ClInclude Include="Core\Rendering\Renderer\Renderable2D.h">
      <Filter>Header Files</Filter>
    </ClInclude>
    <ClInclude Include="Core\Rendering\Renderer\Renderer2D.h">
      <Filter>Header Files</Filter>
    </ClInclude>
    <ClInclude Include="Core\Rendering\Renderer\Shader\Shader.h">
      <Filter>Header Files</Filter>
    </ClInclude>
    <ClInclude Include="Core\Rendering\Renderer\Models\Sprite.h">
      <Filter>Header Files</Filter>
    </ClInclude>
    <ClInclude Include="Core\Rendering\Renderer\Buffers\VertexArray.h">
      <Filter>Header Files</Filter>
    </ClInclude>
    <ClInclude Include="Core\Rendering\Renderer\Buffers\Buffer.h">
      <Filter>Header Files</Filter>
    </ClInclude>
    <ClInclude Include="Core\Rendering\Renderer\Buffers\Buffers.h">
      <Filter>Header Files</Filter>
    </ClInclude>
    <ClInclude Include="Core\Rendering\Renderer\Buffers\IndexBuffer.h">
      <Filter>Header Files</Filter>
    </ClInclude>
    <ClInclude Include="Core\Managers\Scene_Manager.h">
      <Filter>Header Files</Filter>
    </ClInclude>
    <ClInclude Include="Core\Managers\Control_Manager.h">
      <Filter>Header Files</Filter>
    </ClInclude>
    <ClInclude Include="Core\Managers\Layer_Manager.h">
      <Filter>Header Files</Filter>
    </ClInclude>
    <ClInclude Include="Core\Init\WindowInfo.h">
      <Filter>Header Files</Filter>
    </ClInclude>
    <ClInclude Include="Core\Init\ContextInfo.h">
      <Filter>Header Files</Filter>
    </ClInclude>
    <ClInclude Include="Core\Init\DebugOutput.h">
      <Filter>Header Files</Filter>
    </ClInclude>
    <ClInclude Include="Core\Init\FramebufferInfo.h">
      <Filter>Header Files</Filter>
    </ClInclude>
    <ClInclude Include="Core\Init\IListener.h">
      <Filter>Header Files</Filter>
    </ClInclude>
    <ClInclude Include="Core\Init\Window.h">
      <Filter>Header Files</Filter>
    </ClInclude>
    <ClInclude Include="Core\Controls\IControl.h">
      <Filter>Header Files</Filter>
    </ClInclude>
    <ClInclude Include="Core\Managers\Shader_Manager.h">
      <Filter>Header Files</Filter>
    </ClInclude>
    <ClInclude Include="Core\Managers\Texture_Manager.h">
      <Filter>Header Files</Filter>
    </ClInclude>
    <ClInclude Include="Core\Rendering\Renderer\Groups\Group.h">
      <Filter>Header Files</Filter>
    </ClInclude>
    <ClInclude Include="Core\Utils\ImageLoader.h">
      <Filter>Header Files</Filter>
    </ClInclude>
    <ClInclude Include="Core\Rendering\Renderer\Texture\Texture.h">
      <Filter>Header Files</Filter>
    </ClInclude>
    <ClInclude Include="Ext\Freetype-GL\src\freetype-gl.h">
      <Filter>Header Files</Filter>
    </ClInclude>
    <ClInclude Include="Ext\Freetype-GL\src\opengl.h">
      <Filter>Header Files</Filter>
    </ClInclude>
    <ClInclude Include="Ext\Freetype-GL\src\platform.h">
      <Filter>Header Files</Filter>
    </ClInclude>
    <ClInclude Include="Ext\Freetype-GL\src\texture-atlas.h">
      <Filter>Header Files</Filter>
    </ClInclude>
    <ClInclude Include="Ext\Freetype-GL\src\vector.h">
      <Filter>Header Files</Filter>
    </ClInclude>
    <ClInclude Include="Ext\Freetype-GL\src\texture-font.h">
      <Filter>Header Files</Filter>
    </ClInclude>
    <ClInclude Include="Ext\Freetype-GL\src\vec234.h">
      <Filter>Header Files</Filter>
    </ClInclude>
    <ClInclude Include="Core\Rendering\Renderer\Models\Label.h">
      <Filter>Header Files</Filter>
    </ClInclude>
    <ClInclude Include="Core\Managers\Font_Manager.h">
      <Filter>Header Files</Filter>
    </ClInclude>
    <ClInclude Include="Core\Rendering\Renderer\Font\Font.h">
      <Filter>Header Files</Filter>
    </ClInclude>
    <ClInclude Include="Core\Managers\AI_Manager.h">
      <Filter>Header Files</Filter>
    </ClInclude>
    <ClInclude Include="Core\Managers\AI\AI_Director.h">
      <Filter>Header Files</Filter>
    </ClInclude>
    <ClInclude Include="Core\Managers\AI\Behaviour_Manager.h">
      <Filter>Header Files</Filter>
    </ClInclude>
    <ClInclude Include="Core\Managers\AI\Strategy_Manager.h">
      <Filter>Header Files</Filter>
    </ClInclude>
    <ClInclude Include="Core\Managers\AI\Wave_Manager.h">
      <Filter>Header Files</Filter>
    </ClInclude>
    <ClInclude Include="Ext\gorilla-audio\common\gc_common.h">
      <Filter>Header Files</Filter>
    </ClInclude>
    <ClInclude Include="Ext\gorilla-audio\common\gc_thread.h">
      <Filter>Header Files</Filter>
    </ClInclude>
    <ClInclude Include="Ext\gorilla-audio\common\gc_types.h">
      <Filter>Header Files</Filter>
    </ClInclude>
    <ClInclude Include="Ext\gorilla-audio\devices\ga_openal.h">
      <Filter>Header Files</Filter>
    </ClInclude>
    <ClInclude Include="Ext\gorilla-audio\ga.h">
      <Filter>Header Files</Filter>
    </ClInclude>
    <ClInclude Include="Ext\gorilla-audio\ga_internal.h">
      <Filter>Header Files</Filter>
    </ClInclude>
    <ClInclude Include="Ext\gorilla-audio\gau.h">
      <Filter>Header Files</Filter>
    </ClInclude>
    <ClInclude Include="Core\Audio\Sound.h">
      <Filter>Header Files</Filter>
    </ClInclude>
    <ClInclude Include="Core\Managers\Sound_Manager.h">
      <Filter>Header Files</Filter>
    </ClInclude>
    <ClInclude Include="Core\Utils\StringUtils.h">
      <Filter>Header Files</Filter>
    </ClInclude>
    <ClInclude Include="Core\Core.h">
      <Filter>Header Files</Filter>
    </ClInclude>
    <ClInclude Include="Core\Rendering\Renderer\2D.h">
      <Filter>Header Files</Filter>
    </ClInclude>
    <ClInclude Include="Core\2DEngine.h">
      <Filter>Header Files</Filter>
    </ClInclude>
    <ClInclude Include="Core\Managers\Managers.h">
      <Filter>Header Files</Filter>
    </ClInclude>
    <ClInclude Include="Core\Utils\Log.h">
      <Filter>Header Files</Filter>
    </ClInclude>
    <ClInclude Include="Core\Utils\Maths\AABB.h">
      <Filter>Header Files</Filter>
    </ClInclude>
    <ClInclude Include="Core\Utils\Maths\tvec2.h">
      <Filter>Header Files</Filter>
    </ClInclude>
    <ClInclude Include="Core\Core_OpenGL.h">
      <Filter>Header Files</Filter>
    </ClInclude>
    <ClInclude Include="Core\Utils\types.h">
      <Filter>Header Files</Filter>
    </ClInclude>
    <ClInclude Include="Core\Managers\embed\Embedded.h">
      <Filter>Header Files</Filter>
    </ClInclude>
    <ClInclude Include="Core\Rendering\Renderer\Texture\Mask.h">
      <Filter>Header Files</Filter>
    </ClInclude>
    <ClInclude Include="Core\Rendering\Renderer\Buffers\FrameBuffer.h">
      <Filter>Header Files</Filter>
    </ClInclude>
    <ClInclude Include="Core\Managers\Mesh_Manager.h">
      <Filter>Header Files</Filter>
    </ClInclude>
    <ClInclude Include="App\Application.h">
      <Filter>Header Files</Filter>
    </ClInclude>
    <ClInclude Include="Core\Rendering\Renderer\PostFX\PostFXPass.h">
      <Filter>Header Files</Filter>
    </ClInclude>
    <ClInclude Include="Core\Rendering\Renderer\PostFX\PostFX.h">
      <Filter>Header Files</Filter>
    </ClInclude>
    <ClInclude Include="Core\Rendering\Renderer\Layers\Layer2D.h">
      <Filter>Header Files</Filter>
    </ClInclude>
    <ClInclude Include="Core\Rendering\Renderer\Layers\Layer.h">
      <Filter>Header Files</Filter>
    </ClInclude>
    <ClInclude Include="Core\Rendering\Material\Material.h">
      <Filter>Header Files</Filter>
    </ClInclude>
    <ClInclude Include="Core\Rendering\Renderer\Shader\ShaderUniform.h">
      <Filter>Header Files</Filter>
    </ClInclude>
    <ClInclude Include="Core\Rendering\Platform\OpenGL\CoreOpenGLBuffer.h">
      <Filter>Header Files</Filter>
    </ClInclude>
    <ClInclude Include="Core\Rendering\Renderer\Buffers\BufferLayout.h">
      <Filter>Header Files</Filter>
    </ClInclude>
    <ClInclude Include="Core\Rendering\Platform\OpenGL\CoreOpenGLRender.inl">
      <Filter>Header Files</Filter>
    </ClInclude>
    <ClInclude Include="Core\Rendering\Renderer\Models\Mesh.h">
      <Filter>Header Files</Filter>
    </ClInclude>
    <ClInclude Include="Core\Rendering\Renderer\Renderer3D.h">
      <Filter>Header Files</Filter>
    </ClInclude>
    <ClInclude Include="Core\Rendering\Scene\Scene.h">
      <Filter>Header Files</Filter>
    </ClInclude>
    <ClInclude Include="Core\Rendering\Renderer\ForwardRenderer.h">
      <Filter>Header Files</Filter>
    </ClInclude>
    <ClInclude Include="Core\Utils\String.h">
      <Filter>Header Files</Filter>
    </ClInclude>
    <ClInclude Include="Core\Rendering\Renderer\Layers\Layer3D.h">
      <Filter>Header Files</Filter>
    </ClInclude>
    <ClInclude Include="Core\Utils\Maths\Quaternion.h">
      <Filter>Header Files</Filter>
    </ClInclude>
    <ClInclude Include="Core\Utils\Maths\Rectangle.h">
      <Filter>Header Files</Filter>
    </ClInclude>
    <ClInclude Include="Core\Rendering\Renderer\Models\Model.h">
      <Filter>Header Files</Filter>
    </ClInclude>
    <ClInclude Include="Core\Rendering\Renderer\Models\IRenderable.h">
      <Filter>Header Files</Filter>
    </ClInclude>
  </ItemGroup>
  <ItemGroup>
    <Image Include="Assets\Test\747.png">
      <Filter>Resource Files</Filter>
    </Image>
  </ItemGroup>
  <ItemGroup>
    <Text Include="TODO.txt" />
  </ItemGroup>
</Project>